
Microsoft Visual Studio Solution File, Format Version 12.00
# Visual Studio Version 17
VisualStudioVersion = 17.0.31903.59
MinimumVisualStudioVersion = 10.0.40219.1
Project("{FAE04EC0-301F-11D3-BF4B-00C04F79EFBC}") = "SmartOptimizer.Core", "SmartOptimizer.Core\SmartOptimizer.Core.csproj", "{A2962B33-F938-4CB9-9B16-9D720AEFF270}"
EndProject
Project("{FAE04EC0-301F-11D3-BF4B-00C04F79EFBC}") = "SmartOptimizer.UI", "SmartOptimizer.UI\SmartOptimizer.UI.csproj", "{10E481F9-A563-4B8E-8064-5AF15B4CDB95}"
EndProject
Global
	GlobalSection(SolutionConfigurationPlatforms) = preSolution
		Debug|Any CPU = Debug|Any CPU
		Debug|x64 = Debug|x64
		Debug|x86 = Debug|x86
		Release|Any CPU = Release|Any CPU
		Release|x64 = Release|x64
		Release|x86 = Release|x86
	EndGlobalSection
	GlobalSection(ProjectConfigurationPlatforms) = postSolution
		{A2962B33-F938-4CB9-9B16-9D720AEFF270}.Debug|Any CPU.ActiveCfg = Debug|Any CPU
		{A2962B33-F938-4CB9-9B16-9D720AEFF270}.Debug|Any CPU.Build.0 = Debug|Any CPU
		{A2962B33-F938-4CB9-9B16-9D720AEFF270}.Debug|x64.ActiveCfg = Debug|Any CPU
		{A2962B33-F938-4CB9-9B16-9D720AEFF270}.Debug|x64.Build.0 = Debug|Any CPU
		{A2962B33-F938-4CB9-9B16-9D720AEFF270}.Debug|x86.ActiveCfg = Debug|Any CPU
		{A2962B33-F938-4CB9-9B16-9D720AEFF270}.Debug|x86.Build.0 = Debug|Any CPU
		{A2962B33-F938-4CB9-9B16-9D720AEFF270}.Release|Any CPU.ActiveCfg = Release|Any CPU
		{A2962B33-F938-4CB9-9B16-9D720AEFF270}.Release|Any CPU.Build.0 = Release|Any CPU
		{A2962B33-F938-4CB9-9B16-9D720AEFF270}.Release|x64.ActiveCfg = Release|Any CPU
		{A2962B33-F938-4CB9-9B16-9D720AEFF270}.Release|x64.Build.0 = Release|Any CPU
		{A2962B33-F938-4CB9-9B16-9D720AEFF270}.Release|x86.ActiveCfg = Release|Any CPU
		{A2962B33-F938-4CB9-9B16-9D720AEFF270}.Release|x86.Build.0 = Release|Any CPU
		{10E481F9-A563-4B8E-8064-5AF15B4CDB95}.Debug|Any CPU.ActiveCfg = Debug|Any CPU
		{10E481F9-A563-4B8E-8064-5AF15B4CDB95}.Debug|Any CPU.Build.0 = Debug|Any CPU
		{10E481F9-A563-4B8E-8064-5AF15B4CDB95}.Debug|x64.ActiveCfg = Debug|Any CPU
		{10E481F9-A563-4B8E-8064-5AF15B4CDB95}.Debug|x64.Build.0 = Debug|Any CPU
		{10E481F9-A563-4B8E-8064-5AF15B4CDB95}.Debug|x86.ActiveCfg = Debug|Any CPU
		{10E481F9-A563-4B8E-8064-5AF15B4CDB95}.Debug|x86.Build.0 = Debug|Any CPU
		{10E481F9-A563-4B8E-8064-5AF15B4CDB95}.Release|Any CPU.ActiveCfg = Release|Any CPU
		{10E481F9-A563-4B8E-8064-5AF15B4CDB95}.Release|Any CPU.Build.0 = Release|Any CPU
		{10E481F9-A563-4B8E-8064-5AF15B4CDB95}.Release|x64.ActiveCfg = Release|Any CPU
		{10E481F9-A563-4B8E-8064-5AF15B4CDB95}.Release|x64.Build.0 = Release|Any CPU
		{10E481F9-A563-4B8E-8064-5AF15B4CDB95}.Release|x86.ActiveCfg = Release|Any CPU
		{10E481F9-A563-4B8E-8064-5AF15B4CDB95}.Release|x86.Build.0 = Release|Any CPU
	EndGlobalSection
	GlobalSection(SolutionProperties) = preSolution
		HideSolutionNode = FALSE
	EndGlobalSection
EndGlobal
